
Microsoft Visual Studio Solution File, Format Version 12.00
# Visual Studio Version 17
VisualStudioVersion = 17.9.34714.143
MinimumVisualStudioVersion = 10.0.40219.1
Project("{8BC9CEB8-8B4A-11D0-8D11-00A0C91BC942}") = "encipherment&decode-plus", "encipherment&decode-plus\encipherment&decode-plus.vcxproj", "{8F4FE82B-897F-40EE-8DA7-4E24E91BB01C}"
EndProject
Global
	GlobalSection(SolutionConfigurationPlatforms) = preSolution
		Debug|x64 = Debug|x64
		Debug|x86 = Debug|x86
		Release|x64 = Release|x64
		Release|x86 = Release|x86
	EndGlobalSection
	GlobalSection(ProjectConfigurationPlatforms) = postSolution
		{8F4FE82B-897F-40EE-8DA7-4E24E91BB01C}.Debug|x64.ActiveCfg = Debug|x64
		{8F4FE82B-897F-40EE-8DA7-4E24E91BB01C}.Debug|x64.Build.0 = Debug|x64
		{8F4FE82B-897F-40EE-8DA7-4E24E91BB01C}.Debug|x86.ActiveCfg = Debug|Win32
		{8F4FE82B-897F-40EE-8DA7-4E24E91BB01C}.Debug|x86.Build.0 = Debug|Win32
		{8F4FE82B-897F-40EE-8DA7-4E24E91BB01C}.Release|x64.ActiveCfg = Release|x64
		{8F4FE82B-897F-40EE-8DA7-4E24E91BB01C}.Release|x64.Build.0 = Release|x64
		{8F4FE82B-897F-40EE-8DA7-4E24E91BB01C}.Release|x86.ActiveCfg = Release|Win32
		{8F4FE82B-897F-40EE-8DA7-4E24E91BB01C}.Release|x86.Build.0 = Release|Win32
	EndGlobalSection
	GlobalSection(SolutionProperties) = preSolution
		HideSolutionNode = FALSE
	EndGlobalSection
	GlobalSection(ExtensibilityGlobals) = postSolution
		SolutionGuid = {93B69891-3AB5-4373-9EF7-2E92EF6ACC00}
	EndGlobalSection
EndGlobal
